
Microsoft Visual Studio Solution File, Format Version 12.00
# Visual Studio Version 16
VisualStudioVersion = 16.0.31112.23
MinimumVisualStudioVersion = 10.0.40219.1
Project("{8BC9CEB8-8B4A-11D0-8D11-00A0C91BC942}") = "mysql_con", "mysql_con.vcxproj", "{5E7483B3-3E00-4DDA-BDAF-94B48E7A9FAC}"
EndProject
Global
	GlobalSection(SolutionConfigurationPlatforms) = preSolution
		Debug|x64 = Debug|x64
		Debug|x86 = Debug|x86
		Release|x64 = Release|x64
		Release|x86 = Release|x86
	EndGlobalSection
	GlobalSection(ProjectConfigurationPlatforms) = postSolution
		{5E7483B3-3E00-4DDA-BDAF-94B48E7A9FAC}.Debug|x64.ActiveCfg = Debug|x64
		{5E7483B3-3E00-4DDA-BDAF-94B48E7A9FAC}.Debug|x64.Build.0 = Debug|x64
		{5E7483B3-3E00-4DDA-BDAF-94B48E7A9FAC}.Debug|x86.ActiveCfg = Debug|Win32
		{5E7483B3-3E00-4DDA-BDAF-94B48E7A9FAC}.Debug|x86.Build.0 = Debug|Win32
		{5E7483B3-3E00-4DDA-BDAF-94B48E7A9FAC}.Release|x64.ActiveCfg = Release|x64
		{5E7483B3-3E00-4DDA-BDAF-94B48E7A9FAC}.Release|x64.Build.0 = Release|x64
		{5E7483B3-3E00-4DDA-BDAF-94B48E7A9FAC}.Release|x86.ActiveCfg = Release|Win32
		{5E7483B3-3E00-4DDA-BDAF-94B48E7A9FAC}.Release|x86.Build.0 = Release|Win32
	EndGlobalSection
	GlobalSection(SolutionProperties) = preSolution
		HideSolutionNode = FALSE
	EndGlobalSection
	GlobalSection(ExtensibilityGlobals) = postSolution
		SolutionGuid = {C49D2394-750F-426C-9B36-AD1116617C88}
	EndGlobalSection
EndGlobal
